
Microsoft Visual Studio Solution File, Format Version 12.00
# Visual Studio 2013
VisualStudioVersion = 12.0.21005.1
MinimumVisualStudioVersion = 10.0.40219.1
Project("{2150E333-8FDC-42A3-9474-1A3956D46DE8}") = "C++ Core Library", "C++ Core Library", "{B3D31958-AA36-4847-911A-74D5286CF777}"
EndProject
Project("{2150E333-8FDC-42A3-9474-1A3956D46DE8}") = "Swig Conversion Layer", "Swig Conversion Layer", "{84D03523-F85A-4FCD-B5B9-BB31CAF2B5E2}"
EndProject
Project("{2150E333-8FDC-42A3-9474-1A3956D46DE8}") = "CSharp Extension", "CSharp Extension", "{90179BB8-D954-4832-9946-B2D67CDDC3FC}"
EndProject
Project("{8BC9CEB8-8B4A-11D0-8D11-00A0C91BC942}") = "QuantLib", "C++ Core Library\QuantLib\QuantLib.vcxproj", "{AD0A27DA-91DA-46A2-ACBD-296C419ED3AA}"
EndProject
Project("{8BC9CEB8-8B4A-11D0-8D11-00A0C91BC942}") = "testsuite", "C++ Core Library\QuantLib\test-suite\testsuite.vcxproj", "{A613045C-34AF-4706-AA3C-730C92524F74}"
EndProject
Project("{2150E333-8FDC-42A3-9474-1A3956D46DE8}") = "Swig", "Swig", "{8AEE1C6A-8896-41B5-8D98-B8B5F55061FF}"
	ProjectSection(SolutionItems) = preProject
		Swig Conversion Layer\QuantLib-SWIG\SWIG\basketoptions.i = Swig Conversion Layer\QuantLib-SWIG\SWIG\basketoptions.i
		Swig Conversion Layer\QuantLib-SWIG\SWIG\bondfunctions.i = Swig Conversion Layer\QuantLib-SWIG\SWIG\bondfunctions.i
		Swig Conversion Layer\QuantLib-SWIG\SWIG\bonds.i = Swig Conversion Layer\QuantLib-SWIG\SWIG\bonds.i
		Swig Conversion Layer\QuantLib-SWIG\SWIG\calendars.i = Swig Conversion Layer\QuantLib-SWIG\SWIG\calendars.i
		Swig Conversion Layer\QuantLib-SWIG\SWIG\calibrationhelpers.i = Swig Conversion Layer\QuantLib-SWIG\SWIG\calibrationhelpers.i
		Swig Conversion Layer\QuantLib-SWIG\SWIG\callability.i = Swig Conversion Layer\QuantLib-SWIG\SWIG\callability.i
		Swig Conversion Layer\QuantLib-SWIG\SWIG\capfloor.i = Swig Conversion Layer\QuantLib-SWIG\SWIG\capfloor.i
		Swig Conversion Layer\QuantLib-SWIG\SWIG\cashflows.i = Swig Conversion Layer\QuantLib-SWIG\SWIG\cashflows.i
		Swig Conversion Layer\QuantLib-SWIG\SWIG\common.i = Swig Conversion Layer\QuantLib-SWIG\SWIG\common.i
		Swig Conversion Layer\QuantLib-SWIG\SWIG\convertiblebonds.i = Swig Conversion Layer\QuantLib-SWIG\SWIG\convertiblebonds.i
		Swig Conversion Layer\QuantLib-SWIG\SWIG\credit.i = Swig Conversion Layer\QuantLib-SWIG\SWIG\credit.i
		Swig Conversion Layer\QuantLib-SWIG\SWIG\creditdefaultswap.i = Swig Conversion Layer\QuantLib-SWIG\SWIG\creditdefaultswap.i
		Swig Conversion Layer\QuantLib-SWIG\SWIG\currencies.i = Swig Conversion Layer\QuantLib-SWIG\SWIG\currencies.i
		Swig Conversion Layer\QuantLib-SWIG\SWIG\date.i = Swig Conversion Layer\QuantLib-SWIG\SWIG\date.i
		Swig Conversion Layer\QuantLib-SWIG\SWIG\daycounters.i = Swig Conversion Layer\QuantLib-SWIG\SWIG\daycounters.i
		Swig Conversion Layer\QuantLib-SWIG\SWIG\defaultprobability.i = Swig Conversion Layer\QuantLib-SWIG\SWIG\defaultprobability.i
		Swig Conversion Layer\QuantLib-SWIG\SWIG\discountcurve.i = Swig Conversion Layer\QuantLib-SWIG\SWIG\discountcurve.i
		Swig Conversion Layer\QuantLib-SWIG\SWIG\distributions.i = Swig Conversion Layer\QuantLib-SWIG\SWIG\distributions.i
		Swig Conversion Layer\QuantLib-SWIG\SWIG\dividends.i = Swig Conversion Layer\QuantLib-SWIG\SWIG\dividends.i
		Swig Conversion Layer\QuantLib-SWIG\SWIG\exchangerates.i = Swig Conversion Layer\QuantLib-SWIG\SWIG\exchangerates.i
		Swig Conversion Layer\QuantLib-SWIG\SWIG\exercise.i = Swig Conversion Layer\QuantLib-SWIG\SWIG\exercise.i
		Swig Conversion Layer\QuantLib-SWIG\SWIG\fittedbondcurve.i = Swig Conversion Layer\QuantLib-SWIG\SWIG\fittedbondcurve.i
		Swig Conversion Layer\QuantLib-SWIG\SWIG\forwardcurve.i = Swig Conversion Layer\QuantLib-SWIG\SWIG\forwardcurve.i
		Swig Conversion Layer\QuantLib-SWIG\SWIG\fra.i = Swig Conversion Layer\QuantLib-SWIG\SWIG\fra.i
		Swig Conversion Layer\QuantLib-SWIG\SWIG\functions.i = Swig Conversion Layer\QuantLib-SWIG\SWIG\functions.i
		Swig Conversion Layer\QuantLib-SWIG\SWIG\grid.i = Swig Conversion Layer\QuantLib-SWIG\SWIG\grid.i
		Swig Conversion Layer\QuantLib-SWIG\SWIG\indexes.i = Swig Conversion Layer\QuantLib-SWIG\SWIG\indexes.i
		Swig Conversion Layer\QuantLib-SWIG\SWIG\inflation.i = Swig Conversion Layer\QuantLib-SWIG\SWIG\inflation.i
		Swig Conversion Layer\QuantLib-SWIG\SWIG\instruments.i = Swig Conversion Layer\QuantLib-SWIG\SWIG\instruments.i
		Swig Conversion Layer\QuantLib-SWIG\SWIG\integrals.i = Swig Conversion Layer\QuantLib-SWIG\SWIG\integrals.i
		Swig Conversion Layer\QuantLib-SWIG\SWIG\interestrate.i = Swig Conversion Layer\QuantLib-SWIG\SWIG\interestrate.i
		Swig Conversion Layer\QuantLib-SWIG\SWIG\interpolation.i = Swig Conversion Layer\QuantLib-SWIG\SWIG\interpolation.i
		Swig Conversion Layer\QuantLib-SWIG\SWIG\linearalgebra.i = Swig Conversion Layer\QuantLib-SWIG\SWIG\linearalgebra.i
		Swig Conversion Layer\QuantLib-SWIG\SWIG\marketelements.i = Swig Conversion Layer\QuantLib-SWIG\SWIG\marketelements.i
		Swig Conversion Layer\QuantLib-SWIG\SWIG\money.i = Swig Conversion Layer\QuantLib-SWIG\SWIG\money.i
		Swig Conversion Layer\QuantLib-SWIG\SWIG\montecarlo.i = Swig Conversion Layer\QuantLib-SWIG\SWIG\montecarlo.i
		Swig Conversion Layer\QuantLib-SWIG\SWIG\null.i = Swig Conversion Layer\QuantLib-SWIG\SWIG\null.i
		Swig Conversion Layer\QuantLib-SWIG\SWIG\observer.i = Swig Conversion Layer\QuantLib-SWIG\SWIG\observer.i
		Swig Conversion Layer\QuantLib-SWIG\SWIG\old_volatility.i = Swig Conversion Layer\QuantLib-SWIG\SWIG\old_volatility.i
		Swig Conversion Layer\QuantLib-SWIG\SWIG\operators.i = Swig Conversion Layer\QuantLib-SWIG\SWIG\operators.i
		Swig Conversion Layer\QuantLib-SWIG\SWIG\optimizers.i = Swig Conversion Layer\QuantLib-SWIG\SWIG\optimizers.i
		Swig Conversion Layer\QuantLib-SWIG\SWIG\options.i = Swig Conversion Layer\QuantLib-SWIG\SWIG\options.i
		Swig Conversion Layer\QuantLib-SWIG\SWIG\payoffs.i = Swig Conversion Layer\QuantLib-SWIG\SWIG\payoffs.i
		Swig Conversion Layer\QuantLib-SWIG\SWIG\piecewiseyieldcurve.i = Swig Conversion Layer\QuantLib-SWIG\SWIG\piecewiseyieldcurve.i
		Swig Conversion Layer\QuantLib-SWIG\SWIG\ql.i = Swig Conversion Layer\QuantLib-SWIG\SWIG\ql.i
		Swig Conversion Layer\QuantLib-SWIG\SWIG\quantlib.i = Swig Conversion Layer\QuantLib-SWIG\SWIG\quantlib.i
		Swig Conversion Layer\QuantLib-SWIG\SWIG\randomnumbers.i = Swig Conversion Layer\QuantLib-SWIG\SWIG\randomnumbers.i
		Swig Conversion Layer\QuantLib-SWIG\SWIG\ratehelpers.i = Swig Conversion Layer\QuantLib-SWIG\SWIG\ratehelpers.i
		Swig Conversion Layer\QuantLib-SWIG\SWIG\rounding.i = Swig Conversion Layer\QuantLib-SWIG\SWIG\rounding.i
		Swig Conversion Layer\QuantLib-SWIG\SWIG\sampledcurve.i = Swig Conversion Layer\QuantLib-SWIG\SWIG\sampledcurve.i
		Swig Conversion Layer\QuantLib-SWIG\SWIG\scheduler.i = Swig Conversion Layer\QuantLib-SWIG\SWIG\scheduler.i
		Swig Conversion Layer\QuantLib-SWIG\SWIG\settings.i = Swig Conversion Layer\QuantLib-SWIG\SWIG\settings.i
		Swig Conversion Layer\QuantLib-SWIG\SWIG\shortratemodels.i = Swig Conversion Layer\QuantLib-SWIG\SWIG\shortratemodels.i
		Swig Conversion Layer\QuantLib-SWIG\SWIG\statistics.i = Swig Conversion Layer\QuantLib-SWIG\SWIG\statistics.i
		Swig Conversion Layer\QuantLib-SWIG\SWIG\stochasticprocess.i = Swig Conversion Layer\QuantLib-SWIG\SWIG\stochasticprocess.i
		Swig Conversion Layer\QuantLib-SWIG\SWIG\swap.i = Swig Conversion Layer\QuantLib-SWIG\SWIG\swap.i
		Swig Conversion Layer\QuantLib-SWIG\SWIG\swaption.i = Swig Conversion Layer\QuantLib-SWIG\SWIG\swaption.i
		Swig Conversion Layer\QuantLib-SWIG\SWIG\termstructures.i = Swig Conversion Layer\QuantLib-SWIG\SWIG\termstructures.i
		Swig Conversion Layer\QuantLib-SWIG\SWIG\timebasket.i = Swig Conversion Layer\QuantLib-SWIG\SWIG\timebasket.i
		Swig Conversion Layer\QuantLib-SWIG\SWIG\timeseries.i = Swig Conversion Layer\QuantLib-SWIG\SWIG\timeseries.i
		Swig Conversion Layer\QuantLib-SWIG\SWIG\tracing.i = Swig Conversion Layer\QuantLib-SWIG\SWIG\tracing.i
		Swig Conversion Layer\QuantLib-SWIG\SWIG\types.i = Swig Conversion Layer\QuantLib-SWIG\SWIG\types.i
		Swig Conversion Layer\QuantLib-SWIG\SWIG\vectors.i = Swig Conversion Layer\QuantLib-SWIG\SWIG\vectors.i
		Swig Conversion Layer\QuantLib-SWIG\SWIG\volatilities.i = Swig Conversion Layer\QuantLib-SWIG\SWIG\volatilities.i
		Swig Conversion Layer\QuantLib-SWIG\SWIG\volatilitymodels.i = Swig Conversion Layer\QuantLib-SWIG\SWIG\volatilitymodels.i
		Swig Conversion Layer\QuantLib-SWIG\SWIG\zerocurve.i = Swig Conversion Layer\QuantLib-SWIG\SWIG\zerocurve.i
	EndProjectSection
EndProject
Project("{8BC9CEB8-8B4A-11D0-8D11-00A0C91BC942}") = "NQuantLibc", "Swig Conversion Layer\QuantLib-SWIG\CSharp\cpp\QuantlibWrapper_vc11.vcxproj", "{21183104-9963-4D4F-B7E8-C8A6169FD053}"
EndProject
Project("{FAE04EC0-301F-11D3-BF4B-00C04F79EFBC}") = "NQuantLib_vc11", "Swig Conversion Layer\QuantLib-SWIG\CSharp\csharp\NQuantLib_vc11.csproj", "{928F98EE-7D50-457F-9304-A6818DCF1079}"
EndProject
Project("{FAE04EC0-301F-11D3-BF4B-00C04F79EFBC}") = "BermudanSwaption_vc11", "Swig Conversion Layer\QuantLib-SWIG\CSharp\examples\BermudanSwaption_vc11.csproj", "{1BEC49E8-122D-4CC9-9DAC-DD59F551E5E9}"
EndProject
Project("{FAE04EC0-301F-11D3-BF4B-00C04F79EFBC}") = "EquityOption_vc11", "Swig Conversion Layer\QuantLib-SWIG\CSharp\examples\EquityOption_vc11.csproj", "{1FD947F1-D99E-46FB-8890-04E11E8340C2}"
EndProject
Global
	GlobalSection(SolutionConfigurationPlatforms) = preSolution
		Debug (static runtime)|Any CPU = Debug (static runtime)|Any CPU
		Debug (static runtime)|Mixed Platforms = Debug (static runtime)|Mixed Platforms
		Debug (static runtime)|Win32 = Debug (static runtime)|Win32
		Debug (static runtime)|x64 = Debug (static runtime)|x64
		Debug|Any CPU = Debug|Any CPU
		Debug|Mixed Platforms = Debug|Mixed Platforms
		Debug|Win32 = Debug|Win32
		Debug|x64 = Debug|x64
		Release (static runtime)|Any CPU = Release (static runtime)|Any CPU
		Release (static runtime)|Mixed Platforms = Release (static runtime)|Mixed Platforms
		Release (static runtime)|Win32 = Release (static runtime)|Win32
		Release (static runtime)|x64 = Release (static runtime)|x64
		Release|Any CPU = Release|Any CPU
		Release|Mixed Platforms = Release|Mixed Platforms
		Release|Win32 = Release|Win32
		Release|x64 = Release|x64
	EndGlobalSection
	GlobalSection(ProjectConfigurationPlatforms) = postSolution
		{AD0A27DA-91DA-46A2-ACBD-296C419ED3AA}.Debug (static runtime)|Any CPU.ActiveCfg = Debug (static runtime)|Win32
		{AD0A27DA-91DA-46A2-ACBD-296C419ED3AA}.Debug (static runtime)|Mixed Platforms.ActiveCfg = Debug (static runtime)|Win32
		{AD0A27DA-91DA-46A2-ACBD-296C419ED3AA}.Debug (static runtime)|Mixed Platforms.Build.0 = Debug (static runtime)|Win32
		{AD0A27DA-91DA-46A2-ACBD-296C419ED3AA}.Debug (static runtime)|Win32.ActiveCfg = Debug (static runtime)|Win32
		{AD0A27DA-91DA-46A2-ACBD-296C419ED3AA}.Debug (static runtime)|Win32.Build.0 = Debug (static runtime)|Win32
		{AD0A27DA-91DA-46A2-ACBD-296C419ED3AA}.Debug (static runtime)|x64.ActiveCfg = Debug (static runtime)|x64
		{AD0A27DA-91DA-46A2-ACBD-296C419ED3AA}.Debug (static runtime)|x64.Build.0 = Debug (static runtime)|x64
		{AD0A27DA-91DA-46A2-ACBD-296C419ED3AA}.Debug|Any CPU.ActiveCfg = Debug|Win32
		{AD0A27DA-91DA-46A2-ACBD-296C419ED3AA}.Debug|Mixed Platforms.ActiveCfg = Debug|Win32
		{AD0A27DA-91DA-46A2-ACBD-296C419ED3AA}.Debug|Mixed Platforms.Build.0 = Debug|Win32
		{AD0A27DA-91DA-46A2-ACBD-296C419ED3AA}.Debug|Win32.ActiveCfg = Debug|Win32
		{AD0A27DA-91DA-46A2-ACBD-296C419ED3AA}.Debug|Win32.Build.0 = Debug|Win32
		{AD0A27DA-91DA-46A2-ACBD-296C419ED3AA}.Debug|x64.ActiveCfg = Debug|x64
		{AD0A27DA-91DA-46A2-ACBD-296C419ED3AA}.Debug|x64.Build.0 = Debug|x64
		{AD0A27DA-91DA-46A2-ACBD-296C419ED3AA}.Release (static runtime)|Any CPU.ActiveCfg = Release (static runtime)|Win32
		{AD0A27DA-91DA-46A2-ACBD-296C419ED3AA}.Release (static runtime)|Mixed Platforms.ActiveCfg = Release (static runtime)|Win32
		{AD0A27DA-91DA-46A2-ACBD-296C419ED3AA}.Release (static runtime)|Mixed Platforms.Build.0 = Release (static runtime)|Win32
		{AD0A27DA-91DA-46A2-ACBD-296C419ED3AA}.Release (static runtime)|Win32.ActiveCfg = Release (static runtime)|Win32
		{AD0A27DA-91DA-46A2-ACBD-296C419ED3AA}.Release (static runtime)|Win32.Build.0 = Release (static runtime)|Win32
		{AD0A27DA-91DA-46A2-ACBD-296C419ED3AA}.Release (static runtime)|x64.ActiveCfg = Release (static runtime)|x64
		{AD0A27DA-91DA-46A2-ACBD-296C419ED3AA}.Release (static runtime)|x64.Build.0 = Release (static runtime)|x64
		{AD0A27DA-91DA-46A2-ACBD-296C419ED3AA}.Release|Any CPU.ActiveCfg = Release|Win32
		{AD0A27DA-91DA-46A2-ACBD-296C419ED3AA}.Release|Mixed Platforms.ActiveCfg = Release|Win32
		{AD0A27DA-91DA-46A2-ACBD-296C419ED3AA}.Release|Mixed Platforms.Build.0 = Release|Win32
		{AD0A27DA-91DA-46A2-ACBD-296C419ED3AA}.Release|Win32.ActiveCfg = Release|Win32
		{AD0A27DA-91DA-46A2-ACBD-296C419ED3AA}.Release|Win32.Build.0 = Release|Win32
		{AD0A27DA-91DA-46A2-ACBD-296C419ED3AA}.Release|x64.ActiveCfg = Release|x64
		{AD0A27DA-91DA-46A2-ACBD-296C419ED3AA}.Release|x64.Build.0 = Release|x64
		{A613045C-34AF-4706-AA3C-730C92524F74}.Debug (static runtime)|Any CPU.ActiveCfg = Debug (static runtime)|Win32
		{A613045C-34AF-4706-AA3C-730C92524F74}.Debug (static runtime)|Mixed Platforms.ActiveCfg = Debug (static runtime)|Win32
		{A613045C-34AF-4706-AA3C-730C92524F74}.Debug (static runtime)|Mixed Platforms.Build.0 = Debug (static runtime)|Win32
		{A613045C-34AF-4706-AA3C-730C92524F74}.Debug (static runtime)|Win32.ActiveCfg = Debug (static runtime)|Win32
		{A613045C-34AF-4706-AA3C-730C92524F74}.Debug (static runtime)|Win32.Build.0 = Debug (static runtime)|Win32
		{A613045C-34AF-4706-AA3C-730C92524F74}.Debug (static runtime)|x64.ActiveCfg = Debug (static runtime)|x64
		{A613045C-34AF-4706-AA3C-730C92524F74}.Debug (static runtime)|x64.Build.0 = Debug (static runtime)|x64
		{A613045C-34AF-4706-AA3C-730C92524F74}.Debug|Any CPU.ActiveCfg = Debug|Win32
		{A613045C-34AF-4706-AA3C-730C92524F74}.Debug|Mixed Platforms.ActiveCfg = Debug|Win32
		{A613045C-34AF-4706-AA3C-730C92524F74}.Debug|Mixed Platforms.Build.0 = Debug|Win32
		{A613045C-34AF-4706-AA3C-730C92524F74}.Debug|Win32.ActiveCfg = Debug|Win32
		{A613045C-34AF-4706-AA3C-730C92524F74}.Debug|Win32.Build.0 = Debug|Win32
		{A613045C-34AF-4706-AA3C-730C92524F74}.Debug|x64.ActiveCfg = Debug|x64
		{A613045C-34AF-4706-AA3C-730C92524F74}.Debug|x64.Build.0 = Debug|x64
		{A613045C-34AF-4706-AA3C-730C92524F74}.Release (static runtime)|Any CPU.ActiveCfg = Release (static runtime)|Win32
		{A613045C-34AF-4706-AA3C-730C92524F74}.Release (static runtime)|Mixed Platforms.ActiveCfg = Release (static runtime)|Win32
		{A613045C-34AF-4706-AA3C-730C92524F74}.Release (static runtime)|Mixed Platforms.Build.0 = Release (static runtime)|Win32
		{A613045C-34AF-4706-AA3C-730C92524F74}.Release (static runtime)|Win32.ActiveCfg = Release (static runtime)|Win32
		{A613045C-34AF-4706-AA3C-730C92524F74}.Release (static runtime)|Win32.Build.0 = Release (static runtime)|Win32
		{A613045C-34AF-4706-AA3C-730C92524F74}.Release (static runtime)|x64.ActiveCfg = Release (static runtime)|x64
		{A613045C-34AF-4706-AA3C-730C92524F74}.Release (static runtime)|x64.Build.0 = Release (static runtime)|x64
		{A613045C-34AF-4706-AA3C-730C92524F74}.Release|Any CPU.ActiveCfg = Release|Win32
		{A613045C-34AF-4706-AA3C-730C92524F74}.Release|Mixed Platforms.ActiveCfg = Release|Win32
		{A613045C-34AF-4706-AA3C-730C92524F74}.Release|Mixed Platforms.Build.0 = Release|Win32
		{A613045C-34AF-4706-AA3C-730C92524F74}.Release|Win32.ActiveCfg = Release|Win32
		{A613045C-34AF-4706-AA3C-730C92524F74}.Release|Win32.Build.0 = Release|Win32
		{A613045C-34AF-4706-AA3C-730C92524F74}.Release|x64.ActiveCfg = Release|x64
		{A613045C-34AF-4706-AA3C-730C92524F74}.Release|x64.Build.0 = Release|x64
		{21183104-9963-4D4F-B7E8-C8A6169FD053}.Debug (static runtime)|Any CPU.ActiveCfg = Debug|Win32
		{21183104-9963-4D4F-B7E8-C8A6169FD053}.Debug (static runtime)|Mixed Platforms.ActiveCfg = Debug|Win32
		{21183104-9963-4D4F-B7E8-C8A6169FD053}.Debug (static runtime)|Mixed Platforms.Build.0 = Debug|Win32
		{21183104-9963-4D4F-B7E8-C8A6169FD053}.Debug (static runtime)|Win32.ActiveCfg = Debug|Win32
		{21183104-9963-4D4F-B7E8-C8A6169FD053}.Debug (static runtime)|Win32.Build.0 = Debug|Win32
		{21183104-9963-4D4F-B7E8-C8A6169FD053}.Debug (static runtime)|x64.ActiveCfg = Debug|Win32
		{21183104-9963-4D4F-B7E8-C8A6169FD053}.Debug|Any CPU.ActiveCfg = Debug|Win32
		{21183104-9963-4D4F-B7E8-C8A6169FD053}.Debug|Mixed Platforms.ActiveCfg = Debug|Win32
		{21183104-9963-4D4F-B7E8-C8A6169FD053}.Debug|Mixed Platforms.Build.0 = Debug|Win32
		{21183104-9963-4D4F-B7E8-C8A6169FD053}.Debug|Win32.ActiveCfg = Debug|Win32
		{21183104-9963-4D4F-B7E8-C8A6169FD053}.Debug|Win32.Build.0 = Debug|Win32
		{21183104-9963-4D4F-B7E8-C8A6169FD053}.Debug|x64.ActiveCfg = Debug|Win32
		{21183104-9963-4D4F-B7E8-C8A6169FD053}.Release (static runtime)|Any CPU.ActiveCfg = Release|Win32
		{21183104-9963-4D4F-B7E8-C8A6169FD053}.Release (static runtime)|Mixed Platforms.ActiveCfg = Release|Win32
		{21183104-9963-4D4F-B7E8-C8A6169FD053}.Release (static runtime)|Mixed Platforms.Build.0 = Release|Win32
		{21183104-9963-4D4F-B7E8-C8A6169FD053}.Release (static runtime)|Win32.ActiveCfg = Release|Win32
		{21183104-9963-4D4F-B7E8-C8A6169FD053}.Release (static runtime)|Win32.Build.0 = Release|Win32
		{21183104-9963-4D4F-B7E8-C8A6169FD053}.Release (static runtime)|x64.ActiveCfg = Release|Win32
		{21183104-9963-4D4F-B7E8-C8A6169FD053}.Release|Any CPU.ActiveCfg = Release|Win32
		{21183104-9963-4D4F-B7E8-C8A6169FD053}.Release|Mixed Platforms.ActiveCfg = Release|Win32
		{21183104-9963-4D4F-B7E8-C8A6169FD053}.Release|Mixed Platforms.Build.0 = Release|Win32
		{21183104-9963-4D4F-B7E8-C8A6169FD053}.Release|Win32.ActiveCfg = Release|Win32
		{21183104-9963-4D4F-B7E8-C8A6169FD053}.Release|Win32.Build.0 = Release|Win32
		{21183104-9963-4D4F-B7E8-C8A6169FD053}.Release|x64.ActiveCfg = Release|Win32
		{928F98EE-7D50-457F-9304-A6818DCF1079}.Debug (static runtime)|Any CPU.ActiveCfg = Debug|Any CPU
		{928F98EE-7D50-457F-9304-A6818DCF1079}.Debug (static runtime)|Any CPU.Build.0 = Debug|Any CPU
		{928F98EE-7D50-457F-9304-A6818DCF1079}.Debug (static runtime)|Mixed Platforms.ActiveCfg = Debug|Any CPU
		{928F98EE-7D50-457F-9304-A6818DCF1079}.Debug (static runtime)|Mixed Platforms.Build.0 = Debug|Any CPU
		{928F98EE-7D50-457F-9304-A6818DCF1079}.Debug (static runtime)|Win32.ActiveCfg = Debug|Any CPU
		{928F98EE-7D50-457F-9304-A6818DCF1079}.Debug (static runtime)|x64.ActiveCfg = Debug|Any CPU
		{928F98EE-7D50-457F-9304-A6818DCF1079}.Debug|Any CPU.ActiveCfg = Debug|Any CPU
		{928F98EE-7D50-457F-9304-A6818DCF1079}.Debug|Any CPU.Build.0 = Debug|Any CPU
		{928F98EE-7D50-457F-9304-A6818DCF1079}.Debug|Mixed Platforms.ActiveCfg = Debug|x86
		{928F98EE-7D50-457F-9304-A6818DCF1079}.Debug|Mixed Platforms.Build.0 = Debug|x86
		{928F98EE-7D50-457F-9304-A6818DCF1079}.Debug|Win32.ActiveCfg = Debug|x86
		{928F98EE-7D50-457F-9304-A6818DCF1079}.Debug|Win32.Build.0 = Debug|x86
		{928F98EE-7D50-457F-9304-A6818DCF1079}.Debug|x64.ActiveCfg = Debug|Any CPU
		{928F98EE-7D50-457F-9304-A6818DCF1079}.Release (static runtime)|Any CPU.ActiveCfg = Release|Any CPU
		{928F98EE-7D50-457F-9304-A6818DCF1079}.Release (static runtime)|Any CPU.Build.0 = Release|Any CPU
		{928F98EE-7D50-457F-9304-A6818DCF1079}.Release (static runtime)|Mixed Platforms.ActiveCfg = Release|Any CPU
		{928F98EE-7D50-457F-9304-A6818DCF1079}.Release (static runtime)|Mixed Platforms.Build.0 = Release|Any CPU
		{928F98EE-7D50-457F-9304-A6818DCF1079}.Release (static runtime)|Win32.ActiveCfg = Release|Any CPU
		{928F98EE-7D50-457F-9304-A6818DCF1079}.Release (static runtime)|x64.ActiveCfg = Release|Any CPU
		{928F98EE-7D50-457F-9304-A6818DCF1079}.Release|Any CPU.ActiveCfg = Release|Any CPU
		{928F98EE-7D50-457F-9304-A6818DCF1079}.Release|Any CPU.Build.0 = Release|Any CPU
		{928F98EE-7D50-457F-9304-A6818DCF1079}.Release|Mixed Platforms.ActiveCfg = Release|Any CPU
		{928F98EE-7D50-457F-9304-A6818DCF1079}.Release|Mixed Platforms.Build.0 = Release|Any CPU
		{928F98EE-7D50-457F-9304-A6818DCF1079}.Release|Win32.ActiveCfg = Release|x86
		{928F98EE-7D50-457F-9304-A6818DCF1079}.Release|Win32.Build.0 = Release|x86
		{928F98EE-7D50-457F-9304-A6818DCF1079}.Release|x64.ActiveCfg = Release|Any CPU
		{1BEC49E8-122D-4CC9-9DAC-DD59F551E5E9}.Debug (static runtime)|Any CPU.ActiveCfg = Debug|Any CPU
		{1BEC49E8-122D-4CC9-9DAC-DD59F551E5E9}.Debug (static runtime)|Any CPU.Build.0 = Debug|Any CPU
		{1BEC49E8-122D-4CC9-9DAC-DD59F551E5E9}.Debug (static runtime)|Mixed Platforms.ActiveCfg = Debug|Any CPU
		{1BEC49E8-122D-4CC9-9DAC-DD59F551E5E9}.Debug (static runtime)|Mixed Platforms.Build.0 = Debug|Any CPU
		{1BEC49E8-122D-4CC9-9DAC-DD59F551E5E9}.Debug (static runtime)|Win32.ActiveCfg = Debug|Any CPU
		{1BEC49E8-122D-4CC9-9DAC-DD59F551E5E9}.Debug (static runtime)|x64.ActiveCfg = Debug|Any CPU
		{1BEC49E8-122D-4CC9-9DAC-DD59F551E5E9}.Debug|Any CPU.ActiveCfg = Debug|Any CPU
		{1BEC49E8-122D-4CC9-9DAC-DD59F551E5E9}.Debug|Any CPU.Build.0 = Debug|Any CPU
		{1BEC49E8-122D-4CC9-9DAC-DD59F551E5E9}.Debug|Mixed Platforms.ActiveCfg = Debug|Any CPU
		{1BEC49E8-122D-4CC9-9DAC-DD59F551E5E9}.Debug|Mixed Platforms.Build.0 = Debug|Any CPU
		{1BEC49E8-122D-4CC9-9DAC-DD59F551E5E9}.Debug|Win32.ActiveCfg = Debug|x86
		{1BEC49E8-122D-4CC9-9DAC-DD59F551E5E9}.Debug|Win32.Build.0 = Debug|x86
		{1BEC49E8-122D-4CC9-9DAC-DD59F551E5E9}.Debug|x64.ActiveCfg = Debug|Any CPU
		{1BEC49E8-122D-4CC9-9DAC-DD59F551E5E9}.Release (static runtime)|Any CPU.ActiveCfg = Release|Any CPU
		{1BEC49E8-122D-4CC9-9DAC-DD59F551E5E9}.Release (static runtime)|Any CPU.Build.0 = Release|Any CPU
		{1BEC49E8-122D-4CC9-9DAC-DD59F551E5E9}.Release (static runtime)|Mixed Platforms.ActiveCfg = Release|Any CPU
		{1BEC49E8-122D-4CC9-9DAC-DD59F551E5E9}.Release (static runtime)|Mixed Platforms.Build.0 = Release|Any CPU
		{1BEC49E8-122D-4CC9-9DAC-DD59F551E5E9}.Release (static runtime)|Win32.ActiveCfg = Release|Any CPU
		{1BEC49E8-122D-4CC9-9DAC-DD59F551E5E9}.Release (static runtime)|x64.ActiveCfg = Release|Any CPU
		{1BEC49E8-122D-4CC9-9DAC-DD59F551E5E9}.Release|Any CPU.ActiveCfg = Release|Any CPU
		{1BEC49E8-122D-4CC9-9DAC-DD59F551E5E9}.Release|Any CPU.Build.0 = Release|Any CPU
		{1BEC49E8-122D-4CC9-9DAC-DD59F551E5E9}.Release|Mixed Platforms.ActiveCfg = Release|Any CPU
		{1BEC49E8-122D-4CC9-9DAC-DD59F551E5E9}.Release|Mixed Platforms.Build.0 = Release|Any CPU
		{1BEC49E8-122D-4CC9-9DAC-DD59F551E5E9}.Release|Win32.ActiveCfg = Release|x86
		{1BEC49E8-122D-4CC9-9DAC-DD59F551E5E9}.Release|Win32.Build.0 = Release|x86
		{1BEC49E8-122D-4CC9-9DAC-DD59F551E5E9}.Release|x64.ActiveCfg = Release|Any CPU
		{1FD947F1-D99E-46FB-8890-04E11E8340C2}.Debug (static runtime)|Any CPU.ActiveCfg = Debug|Any CPU
		{1FD947F1-D99E-46FB-8890-04E11E8340C2}.Debug (static runtime)|Any CPU.Build.0 = Debug|Any CPU
		{1FD947F1-D99E-46FB-8890-04E11E8340C2}.Debug (static runtime)|Mixed Platforms.ActiveCfg = Debug|Any CPU
		{1FD947F1-D99E-46FB-8890-04E11E8340C2}.Debug (static runtime)|Mixed Platforms.Build.0 = Debug|Any CPU
		{1FD947F1-D99E-46FB-8890-04E11E8340C2}.Debug (static runtime)|Win32.ActiveCfg = Debug|Any CPU
		{1FD947F1-D99E-46FB-8890-04E11E8340C2}.Debug (static runtime)|x64.ActiveCfg = Debug|Any CPU
		{1FD947F1-D99E-46FB-8890-04E11E8340C2}.Debug|Any CPU.ActiveCfg = Debug|Any CPU
		{1FD947F1-D99E-46FB-8890-04E11E8340C2}.Debug|Any CPU.Build.0 = Debug|Any CPU
		{1FD947F1-D99E-46FB-8890-04E11E8340C2}.Debug|Mixed Platforms.ActiveCfg = Debug|Any CPU
		{1FD947F1-D99E-46FB-8890-04E11E8340C2}.Debug|Mixed Platforms.Build.0 = Debug|Any CPU
		{1FD947F1-D99E-46FB-8890-04E11E8340C2}.Debug|Win32.ActiveCfg = Debug|x86
		{1FD947F1-D99E-46FB-8890-04E11E8340C2}.Debug|Win32.Build.0 = Debug|x86
		{1FD947F1-D99E-46FB-8890-04E11E8340C2}.Debug|x64.ActiveCfg = Debug|Any CPU
		{1FD947F1-D99E-46FB-8890-04E11E8340C2}.Release (static runtime)|Any CPU.ActiveCfg = Release|Any CPU
		{1FD947F1-D99E-46FB-8890-04E11E8340C2}.Release (static runtime)|Any CPU.Build.0 = Release|Any CPU
		{1FD947F1-D99E-46FB-8890-04E11E8340C2}.Release (static runtime)|Mixed Platforms.ActiveCfg = Release|Any CPU
		{1FD947F1-D99E-46FB-8890-04E11E8340C2}.Release (static runtime)|Mixed Platforms.Build.0 = Release|Any CPU
		{1FD947F1-D99E-46FB-8890-04E11E8340C2}.Release (static runtime)|Win32.ActiveCfg = Release|Any CPU
		{1FD947F1-D99E-46FB-8890-04E11E8340C2}.Release (static runtime)|x64.ActiveCfg = Release|Any CPU
		{1FD947F1-D99E-46FB-8890-04E11E8340C2}.Release|Any CPU.ActiveCfg = Release|Any CPU
		{1FD947F1-D99E-46FB-8890-04E11E8340C2}.Release|Any CPU.Build.0 = Release|Any CPU
		{1FD947F1-D99E-46FB-8890-04E11E8340C2}.Release|Mixed Platforms.ActiveCfg = Release|Any CPU
		{1FD947F1-D99E-46FB-8890-04E11E8340C2}.Release|Mixed Platforms.Build.0 = Release|Any CPU
		{1FD947F1-D99E-46FB-8890-04E11E8340C2}.Release|Win32.ActiveCfg = Release|x86
		{1FD947F1-D99E-46FB-8890-04E11E8340C2}.Release|Win32.Build.0 = Release|x86
		{1FD947F1-D99E-46FB-8890-04E11E8340C2}.Release|x64.ActiveCfg = Release|Any CPU
	EndGlobalSection
	GlobalSection(SolutionProperties) = preSolution
		HideSolutionNode = FALSE
	EndGlobalSection
	GlobalSection(NestedProjects) = preSolution
		{AD0A27DA-91DA-46A2-ACBD-296C419ED3AA} = {B3D31958-AA36-4847-911A-74D5286CF777}
		{A613045C-34AF-4706-AA3C-730C92524F74} = {B3D31958-AA36-4847-911A-74D5286CF777}
		{8AEE1C6A-8896-41B5-8D98-B8B5F55061FF} = {84D03523-F85A-4FCD-B5B9-BB31CAF2B5E2}
		{21183104-9963-4D4F-B7E8-C8A6169FD053} = {84D03523-F85A-4FCD-B5B9-BB31CAF2B5E2}
		{928F98EE-7D50-457F-9304-A6818DCF1079} = {84D03523-F85A-4FCD-B5B9-BB31CAF2B5E2}
		{1BEC49E8-122D-4CC9-9DAC-DD59F551E5E9} = {84D03523-F85A-4FCD-B5B9-BB31CAF2B5E2}
		{1FD947F1-D99E-46FB-8890-04E11E8340C2} = {84D03523-F85A-4FCD-B5B9-BB31CAF2B5E2}
	EndGlobalSection
EndGlobal
